
Microsoft Visual Studio Solution File, Format Version 12.00
# Visual Studio Version 16
VisualStudioVersion = 16.0.30517.126
MinimumVisualStudioVersion = 10.0.40219.1
Project("{FAE04EC0-301F-11D3-BF4B-00C04F79EFBC}") = "ChuckConsole", "ChuckConsole\ChuckConsole.csproj", "{B22859CE-0976-4B70-BF5A-21E45F4ED476}"
EndProject
Project("{FAE04EC0-301F-11D3-BF4B-00C04F79EFBC}") = "ChuckForm", "ChuckForm\ChuckForm.csproj", "{7BC97EAE-7445-4A25-BA3F-AE093ECD4E60}"
EndProject
Global
	GlobalSection(SolutionConfigurationPlatforms) = preSolution
		Debug|Any CPU = Debug|Any CPU
		Release|Any CPU = Release|Any CPU
	EndGlobalSection
	GlobalSection(ProjectConfigurationPlatforms) = postSolution
		{B22859CE-0976-4B70-BF5A-21E45F4ED476}.Debug|Any CPU.ActiveCfg = Debug|Any CPU
		{B22859CE-0976-4B70-BF5A-21E45F4ED476}.Debug|Any CPU.Build.0 = Debug|Any CPU
		{B22859CE-0976-4B70-BF5A-21E45F4ED476}.Release|Any CPU.ActiveCfg = Release|Any CPU
		{B22859CE-0976-4B70-BF5A-21E45F4ED476}.Release|Any CPU.Build.0 = Release|Any CPU
		{7BC97EAE-7445-4A25-BA3F-AE093ECD4E60}.Debug|Any CPU.ActiveCfg = Debug|Any CPU
		{7BC97EAE-7445-4A25-BA3F-AE093ECD4E60}.Debug|Any CPU.Build.0 = Debug|Any CPU
		{7BC97EAE-7445-4A25-BA3F-AE093ECD4E60}.Release|Any CPU.ActiveCfg = Release|Any CPU
		{7BC97EAE-7445-4A25-BA3F-AE093ECD4E60}.Release|Any CPU.Build.0 = Release|Any CPU
	EndGlobalSection
	GlobalSection(SolutionProperties) = preSolution
		HideSolutionNode = FALSE
	EndGlobalSection
	GlobalSection(ExtensibilityGlobals) = postSolution
		SolutionGuid = {4EC3CF2A-FEE8-4056-9927-7A76BED64462}
	EndGlobalSection
EndGlobal
